
Microsoft Visual Studio Solution File, Format Version 12.00
# Visual Studio 15
VisualStudioVersion = 15.0.28010.2046
MinimumVisualStudioVersion = 10.0.40219.1
Project("{FAE04EC0-301F-11D3-BF4B-00C04F79EFBC}") = "OOP1-koktel_loomen", "OOP1-koktel_loomen\OOP1-koktel_loomen.csproj", "{FCB8F130-4BE2-40B7-BFA6-C9ED13173F67}"
EndProject
Global
	GlobalSection(SolutionConfigurationPlatforms) = preSolution
		Debug|Any CPU = Debug|Any CPU
		Release|Any CPU = Release|Any CPU
	EndGlobalSection
	GlobalSection(ProjectConfigurationPlatforms) = postSolution
		{FCB8F130-4BE2-40B7-BFA6-C9ED13173F67}.Debug|Any CPU.ActiveCfg = Debug|Any CPU
		{FCB8F130-4BE2-40B7-BFA6-C9ED13173F67}.Debug|Any CPU.Build.0 = Debug|Any CPU
		{FCB8F130-4BE2-40B7-BFA6-C9ED13173F67}.Release|Any CPU.ActiveCfg = Release|Any CPU
		{FCB8F130-4BE2-40B7-BFA6-C9ED13173F67}.Release|Any CPU.Build.0 = Release|Any CPU
	EndGlobalSection
	GlobalSection(SolutionProperties) = preSolution
		HideSolutionNode = FALSE
	EndGlobalSection
	GlobalSection(ExtensibilityGlobals) = postSolution
		SolutionGuid = {D1CBC07A-4C03-4A00-BC8E-858E11C30293}
	EndGlobalSection
EndGlobal
